
Microsoft Visual Studio Solution File, Format Version 12.00
# Visual Studio Version 17
VisualStudioVersion = 17.5.33424.131
MinimumVisualStudioVersion = 10.0.40219.1
Project("{FAE04EC0-301F-11D3-BF4B-00C04F79EFBC}") = "Nova", "Nova.csproj", "{90B3C77A-FDF0-49CA-888D-48D531076C7A}"
EndProject
Global
	GlobalSection(SolutionConfigurationPlatforms) = preSolution
		Debug|Any CPU = Debug|Any CPU
		Release|Any CPU = Release|Any CPU
	EndGlobalSection
	GlobalSection(ProjectConfigurationPlatforms) = postSolution
		{90B3C77A-FDF0-49CA-888D-48D531076C7A}.Debug|Any CPU.ActiveCfg = Debug|Any CPU
		{90B3C77A-FDF0-49CA-888D-48D531076C7A}.Debug|Any CPU.Build.0 = Debug|Any CPU
		{90B3C77A-FDF0-49CA-888D-48D531076C7A}.Release|Any CPU.ActiveCfg = Release|Any CPU
		{90B3C77A-FDF0-49CA-888D-48D531076C7A}.Release|Any CPU.Build.0 = Release|Any CPU
	EndGlobalSection
	GlobalSection(SolutionProperties) = preSolution
		HideSolutionNode = FALSE
	EndGlobalSection
	GlobalSection(ExtensibilityGlobals) = postSolution
		SolutionGuid = {A7D25A62-D2FB-4BF0-A79F-76E9A810F671}
	EndGlobalSection
EndGlobal
